
Microsoft Visual Studio Solution File, Format Version 12.00
Project("{FAE04EC0-301F-11D3-BF4B-00C04F79EFBC}") = "SpaBackend", "SpaBackend\SpaBackend.csproj", "{26EE91F1-5F90-45BF-A73A-897A584E17E6}"
EndProject
Project("{FAE04EC0-301F-11D3-BF4B-00C04F79EFBC}") = "SpaBackend.Test", "SpaBackend.Test\SpaBackend.Test.csproj", "{8E51AFA6-0162-4646-B7C9-1F26707558F5}"
EndProject
Global
	GlobalSection(SolutionConfigurationPlatforms) = preSolution
		Debug|Any CPU = Debug|Any CPU
		Release|Any CPU = Release|Any CPU
	EndGlobalSection
	GlobalSection(ProjectConfigurationPlatforms) = postSolution
		{26EE91F1-5F90-45BF-A73A-897A584E17E6}.Debug|Any CPU.ActiveCfg = Debug|Any CPU
		{26EE91F1-5F90-45BF-A73A-897A584E17E6}.Debug|Any CPU.Build.0 = Debug|Any CPU
		{26EE91F1-5F90-45BF-A73A-897A584E17E6}.Release|Any CPU.ActiveCfg = Release|Any CPU
		{26EE91F1-5F90-45BF-A73A-897A584E17E6}.Release|Any CPU.Build.0 = Release|Any CPU
		{8E51AFA6-0162-4646-B7C9-1F26707558F5}.Debug|Any CPU.ActiveCfg = Debug|Any CPU
		{8E51AFA6-0162-4646-B7C9-1F26707558F5}.Debug|Any CPU.Build.0 = Debug|Any CPU
		{8E51AFA6-0162-4646-B7C9-1F26707558F5}.Release|Any CPU.ActiveCfg = Release|Any CPU
		{8E51AFA6-0162-4646-B7C9-1F26707558F5}.Release|Any CPU.Build.0 = Release|Any CPU
	EndGlobalSection
EndGlobal
